// !$*UTF8*$!
{
	archiveVersion = 1;
	classes = {
	};
	objectVersion = 46;
	objects = {

/* Begin PBXBuildFile section */
		0EEA9F31E6B589F606C6FC4D /* libPods.a in Frameworks */ = {isa = PBXBuildFile; fileRef = 7EA3CE671293737A6E6B367B /* libPods.a */; };
		A288233D1C275465007C40F1 /* JPSThumbnailAnnotation.m in Sources */ = {isa = PBXBuildFile; fileRef = A28823381C275465007C40F1 /* JPSThumbnailAnnotation.m */; };
		A288233E1C275465007C40F1 /* JPSThumbnailAnnotationView.m in Sources */ = {isa = PBXBuildFile; fileRef = A288233A1C275465007C40F1 /* JPSThumbnailAnnotationView.m */; };
		A288233F1C275465007C40F1 /* JPSThumnail.m in Sources */ = {isa = PBXBuildFile; fileRef = A288233C1C275465007C40F1 /* JPSThumnail.m */; };
		A28823421C2BD7C3007C40F1 /* UserDetailViewController.m in Sources */ = {isa = PBXBuildFile; fileRef = A28823411C2BD7C3007C40F1 /* UserDetailViewController.m */; };
		A2CDF2CC1C161CD200DABB2F /* main.m in Sources */ = {isa = PBXBuildFile; fileRef = A2CDF2CB1C161CD200DABB2F /* main.m */; };
		A2CDF2CF1C161CD200DABB2F /* AppDelegate.m in Sources */ = {isa = PBXBuildFile; fileRef = A2CDF2CE1C161CD200DABB2F /* AppDelegate.m */; };
		A2CDF2D21C161CD200DABB2F /* ViewController.m in Sources */ = {isa = PBXBuildFile; fileRef = A2CDF2D11C161CD200DABB2F /* ViewController.m */; };
		A2CDF2D51C161CD200DABB2F /* Main.storyboard in Resources */ = {isa = PBXBuildFile; fileRef = A2CDF2D31C161CD200DABB2F /* Main.storyboard */; };
		A2CDF2D71C161CD200DABB2F /* Assets.xcassets in Resources */ = {isa = PBXBuildFile; fileRef = A2CDF2D61C161CD200DABB2F /* Assets.xcassets */; };
		A2CDF2DA1C161CD200DABB2F /* LaunchScreen.storyboard in Resources */ = {isa = PBXBuildFile; fileRef = A2CDF2D81C161CD200DABB2F /* LaunchScreen.storyboard */; };
		A2CDF2E51C161CD200DABB2F /* TapSellTests.m in Sources */ = {isa = PBXBuildFile; fileRef = A2CDF2E41C161CD200DABB2F /* TapSellTests.m */; };
		A2CDF2F01C161CD200DABB2F /* TapSellUITests.m in Sources */ = {isa = PBXBuildFile; fileRef = A2CDF2EF1C161CD200DABB2F /* TapSellUITests.m */; };
		E228775E1C19397F0079F729 /* EditUserProfileViewController.m in Sources */ = {isa = PBXBuildFile; fileRef = E228775D1C19397F0079F729 /* EditUserProfileViewController.m */; };
		E23621051C1F9F2F001DDCD0 /* PostViewController.m in Sources */ = {isa = PBXBuildFile; fileRef = E23621041C1F9F2F001DDCD0 /* PostViewController.m */; };
		E2A6F6211C17BCD500D92CFB /* UserData.m in Sources */ = {isa = PBXBuildFile; fileRef = E2A6F6201C17BCD500D92CFB /* UserData.m */; };
		E2ABCDE21C18C37B00CC538F /* UserProfileViewController.m in Sources */ = {isa = PBXBuildFile; fileRef = E2ABCDE11C18C37B00CC538F /* UserProfileViewController.m */; };
		E2C965281C162ADA00F23209 /* MapKit.framework in Frameworks */ = {isa = PBXBuildFile; fileRef = E2C965271C162ADA00F23209 /* MapKit.framework */; };
		E2C9652A1C162AE400F23209 /* CoreLocation.framework in Frameworks */ = {isa = PBXBuildFile; fileRef = E2C965291C162AE400F23209 /* CoreLocation.framework */; };
		E2C9652D1C162B0000F23209 /* MapViewController.m in Sources */ = {isa = PBXBuildFile; fileRef = E2C9652C1C162B0000F23209 /* MapViewController.m */; };
		E2C965331C166DDA00F23209 /* RegisterViewController.m in Sources */ = {isa = PBXBuildFile; fileRef = E2C965321C166DDA00F23209 /* RegisterViewController.m */; };
		E2C965741C17344C00F23209 /* Logo1.png in Resources */ = {isa = PBXBuildFile; fileRef = E2C965731C17344C00F23209 /* Logo1.png */; };
		E2E420801C2079910017B416 /* PostDetailsViewController.m in Sources */ = {isa = PBXBuildFile; fileRef = E2E4207F1C2079910017B416 /* PostDetailsViewController.m */; };
		E2E8D5951C1FA41200CD2ED2 /* PostListViewController.m in Sources */ = {isa = PBXBuildFile; fileRef = E2E8D5941C1FA41200CD2ED2 /* PostListViewController.m */; };
		E2E8D59E1C1FAB6600CD2ED2 /* CustomCell.m in Sources */ = {isa = PBXBuildFile; fileRef = E2E8D59D1C1FAB6600CD2ED2 /* CustomCell.m */; };
		E2E8D5A11C1FB4AA00CD2ED2 /* PostListData.m in Sources */ = {isa = PBXBuildFile; fileRef = E2E8D5A01C1FB4AA00CD2ED2 /* PostListData.m */; };
		FB40AF1E1C17777B00927359 /* SearchViewController.m in Sources */ = {isa = PBXBuildFile; fileRef = FB40AF1D1C17777B00927359 /* SearchViewController.m */; };
		FB40AF211C17778A00927359 /* CategoryViewController.m in Sources */ = {isa = PBXBuildFile; fileRef = FB40AF201C17778A00927359 /* CategoryViewController.m */; };
		FB40AF241C17779E00927359 /* MapShowViewController.m in Sources */ = {isa = PBXBuildFile; fileRef = FB40AF231C17779E00927359 /* MapShowViewController.m */; };
/* End PBXBuildFile section */

/* Begin PBXContainerItemProxy section */
		A2CDF2E11C161CD200DABB2F /* PBXContainerItemProxy */ = {
			isa = PBXContainerItemProxy;
			containerPortal = A2CDF2BF1C161CD200DABB2F /* Project object */;
			proxyType = 1;
			remoteGlobalIDString = A2CDF2C61C161CD200DABB2F;
			remoteInfo = TapSell;
		};
		A2CDF2EC1C161CD200DABB2F /* PBXContainerItemProxy */ = {
			isa = PBXContainerItemProxy;
			containerPortal = A2CDF2BF1C161CD200DABB2F /* Project object */;
			proxyType = 1;
			remoteGlobalIDString = A2CDF2C61C161CD200DABB2F;
			remoteInfo = TapSell;
		};
/* End PBXContainerItemProxy section */

/* Begin PBXFileReference section */
		5E846C619823B7D094066A61 /* Pods.debug.xcconfig */ = {isa = PBXFileReference; includeInIndex = 1; lastKnownFileType = text.xcconfig; name = Pods.debug.xcconfig; path = "Pods/Target Support Files/Pods/Pods.debug.xcconfig"; sourceTree = "<group>"; };
		7EA3CE671293737A6E6B367B /* libPods.a */ = {isa = PBXFileReference; explicitFileType = archive.ar; includeInIndex = 0; path = libPods.a; sourceTree = BUILT_PRODUCTS_DIR; };
		A28823371C275465007C40F1 /* JPSThumbnailAnnotation.h */ = {isa = PBXFileReference; fileEncoding = 4; lastKnownFileType = sourcecode.c.h; path = JPSThumbnailAnnotation.h; sourceTree = "<group>"; };
		A28823381C275465007C40F1 /* JPSThumbnailAnnotation.m */ = {isa = PBXFileReference; fileEncoding = 4; lastKnownFileType = sourcecode.c.objc; path = JPSThumbnailAnnotation.m; sourceTree = "<group>"; };
		A28823391C275465007C40F1 /* JPSThumbnailAnnotationView.h */ = {isa = PBXFileReference; fileEncoding = 4; lastKnownFileType = sourcecode.c.h; path = JPSThumbnailAnnotationView.h; sourceTree = "<group>"; };
		A288233A1C275465007C40F1 /* JPSThumbnailAnnotationView.m */ = {isa = PBXFileReference; fileEncoding = 4; lastKnownFileType = sourcecode.c.objc; path = JPSThumbnailAnnotationView.m; sourceTree = "<group>"; };
		A288233B1C275465007C40F1 /* JPSThumbnail.h */ = {isa = PBXFileReference; fileEncoding = 4; lastKnownFileType = sourcecode.c.h; path = JPSThumbnail.h; sourceTree = "<group>"; };
		A288233C1C275465007C40F1 /* JPSThumnail.m */ = {isa = PBXFileReference; fileEncoding = 4; lastKnownFileType = sourcecode.c.objc; path = JPSThumnail.m; sourceTree = "<group>"; };
		A28823401C2BD7C3007C40F1 /* UserDetailViewController.h */ = {isa = PBXFileReference; fileEncoding = 4; lastKnownFileType = sourcecode.c.h; path = UserDetailViewController.h; sourceTree = "<group>"; };
		A28823411C2BD7C3007C40F1 /* UserDetailViewController.m */ = {isa = PBXFileReference; fileEncoding = 4; lastKnownFileType = sourcecode.c.objc; path = UserDetailViewController.m; sourceTree = "<group>"; };
		A2CDF2C71C161CD200DABB2F /* TapSell.app */ = {isa = PBXFileReference; explicitFileType = wrapper.application; includeInIndex = 0; path = TapSell.app; sourceTree = BUILT_PRODUCTS_DIR; };
		A2CDF2CB1C161CD200DABB2F /* main.m */ = {isa = PBXFileReference; lastKnownFileType = sourcecode.c.objc; path = main.m; sourceTree = "<group>"; };
		A2CDF2CD1C161CD200DABB2F /* AppDelegate.h */ = {isa = PBXFileReference; lastKnownFileType = sourcecode.c.h; path = AppDelegate.h; sourceTree = "<group>"; };
		A2CDF2CE1C161CD200DABB2F /* AppDelegate.m */ = {isa = PBXFileReference; lastKnownFileType = sourcecode.c.objc; path = AppDelegate.m; sourceTree = "<group>"; };
		A2CDF2D01C161CD200DABB2F /* ViewController.h */ = {isa = PBXFileReference; lastKnownFileType = sourcecode.c.h; path = ViewController.h; sourceTree = "<group>"; };
		A2CDF2D11C161CD200DABB2F /* ViewController.m */ = {isa = PBXFileReference; lastKnownFileType = sourcecode.c.objc; path = ViewController.m; sourceTree = "<group>"; };
		A2CDF2D41C161CD200DABB2F /* Base */ = {isa = PBXFileReference; lastKnownFileType = file.storyboard; name = Base; path = Base.lproj/Main.storyboard; sourceTree = "<group>"; };
		A2CDF2D61C161CD200DABB2F /* Assets.xcassets */ = {isa = PBXFileReference; lastKnownFileType = folder.assetcatalog; path = Assets.xcassets; sourceTree = "<group>"; };
		A2CDF2D91C161CD200DABB2F /* Base */ = {isa = PBXFileReference; lastKnownFileType = file.storyboard; name = Base; path = Base.lproj/LaunchScreen.storyboard; sourceTree = "<group>"; };
		A2CDF2DB1C161CD200DABB2F /* Info.plist */ = {isa = PBXFileReference; lastKnownFileType = text.plist.xml; path = Info.plist; sourceTree = "<group>"; };
		A2CDF2E01C161CD200DABB2F /* TapSellTests.xctest */ = {isa = PBXFileReference; explicitFileType = wrapper.cfbundle; includeInIndex = 0; path = TapSellTests.xctest; sourceTree = BUILT_PRODUCTS_DIR; };
		A2CDF2E41C161CD200DABB2F /* TapSellTests.m */ = {isa = PBXFileReference; lastKnownFileType = sourcecode.c.objc; path = TapSellTests.m; sourceTree = "<group>"; };
		A2CDF2E61C161CD200DABB2F /* Info.plist */ = {isa = PBXFileReference; lastKnownFileType = text.plist.xml; path = Info.plist; sourceTree = "<group>"; };
		A2CDF2EB1C161CD200DABB2F /* TapSellUITests.xctest */ = {isa = PBXFileReference; explicitFileType = wrapper.cfbundle; includeInIndex = 0; path = TapSellUITests.xctest; sourceTree = BUILT_PRODUCTS_DIR; };
		A2CDF2EF1C161CD200DABB2F /* TapSellUITests.m */ = {isa = PBXFileReference; lastKnownFileType = sourcecode.c.objc; path = TapSellUITests.m; sourceTree = "<group>"; };
		A2CDF2F11C161CD200DABB2F /* Info.plist */ = {isa = PBXFileReference; lastKnownFileType = text.plist.xml; path = Info.plist; sourceTree = "<group>"; };
		D7DBB7AF83919FB890D54B65 /* Pods.release.xcconfig */ = {isa = PBXFileReference; includeInIndex = 1; lastKnownFileType = text.xcconfig; name = Pods.release.xcconfig; path = "Pods/Target Support Files/Pods/Pods.release.xcconfig"; sourceTree = "<group>"; };
		E228775C1C19397F0079F729 /* EditUserProfileViewController.h */ = {isa = PBXFileReference; fileEncoding = 4; lastKnownFileType = sourcecode.c.h; path = EditUserProfileViewController.h; sourceTree = "<group>"; };
		E228775D1C19397F0079F729 /* EditUserProfileViewController.m */ = {isa = PBXFileReference; fileEncoding = 4; lastKnownFileType = sourcecode.c.objc; path = EditUserProfileViewController.m; sourceTree = "<group>"; };
		E23621031C1F9F2F001DDCD0 /* PostViewController.h */ = {isa = PBXFileReference; fileEncoding = 4; lastKnownFileType = sourcecode.c.h; path = PostViewController.h; sourceTree = "<group>"; };
		E23621041C1F9F2F001DDCD0 /* PostViewController.m */ = {isa = PBXFileReference; fileEncoding = 4; lastKnownFileType = sourcecode.c.objc; path = PostViewController.m; sourceTree = "<group>"; };
		E2A6F61F1C17BCD500D92CFB /* UserData.h */ = {isa = PBXFileReference; fileEncoding = 4; lastKnownFileType = sourcecode.c.h; path = UserData.h; sourceTree = "<group>"; };
		E2A6F6201C17BCD500D92CFB /* UserData.m */ = {isa = PBXFileReference; fileEncoding = 4; lastKnownFileType = sourcecode.c.objc; path = UserData.m; sourceTree = "<group>"; };
		E2ABCDE01C18C37B00CC538F /* UserProfileViewController.h */ = {isa = PBXFileReference; fileEncoding = 4; lastKnownFileType = sourcecode.c.h; path = UserProfileViewController.h; sourceTree = "<group>"; };
		E2ABCDE11C18C37B00CC538F /* UserProfileViewController.m */ = {isa = PBXFileReference; fileEncoding = 4; lastKnownFileType = sourcecode.c.objc; path = UserProfileViewController.m; sourceTree = "<group>"; };
		E2C965271C162ADA00F23209 /* MapKit.framework */ = {isa = PBXFileReference; lastKnownFileType = wrapper.framework; name = MapKit.framework; path = System/Library/Frameworks/MapKit.framework; sourceTree = SDKROOT; };
		E2C965291C162AE400F23209 /* CoreLocation.framework */ = {isa = PBXFileReference; lastKnownFileType = wrapper.framework; name = CoreLocation.framework; path = System/Library/Frameworks/CoreLocation.framework; sourceTree = SDKROOT; };
		E2C9652B1C162B0000F23209 /* MapViewController.h */ = {isa = PBXFileReference; fileEncoding = 4; lastKnownFileType = sourcecode.c.h; path = MapViewController.h; sourceTree = "<group>"; };
		E2C9652C1C162B0000F23209 /* MapViewController.m */ = {isa = PBXFileReference; fileEncoding = 4; lastKnownFileType = sourcecode.c.objc; path = MapViewController.m; sourceTree = "<group>"; };
		E2C965311C166DDA00F23209 /* RegisterViewController.h */ = {isa = PBXFileReference; fileEncoding = 4; lastKnownFileType = sourcecode.c.h; path = RegisterViewController.h; sourceTree = "<group>"; };
		E2C965321C166DDA00F23209 /* RegisterViewController.m */ = {isa = PBXFileReference; fileEncoding = 4; lastKnownFileType = sourcecode.c.objc; path = RegisterViewController.m; sourceTree = "<group>"; };
		E2C965731C17344C00F23209 /* Logo1.png */ = {isa = PBXFileReference; lastKnownFileType = image.png; path = Logo1.png; sourceTree = "<group>"; };
		E2E4207E1C2079910017B416 /* PostDetailsViewController.h */ = {isa = PBXFileReference; fileEncoding = 4; lastKnownFileType = sourcecode.c.h; path = PostDetailsViewController.h; sourceTree = "<group>"; };
		E2E4207F1C2079910017B416 /* PostDetailsViewController.m */ = {isa = PBXFileReference; fileEncoding = 4; lastKnownFileType = sourcecode.c.objc; path = PostDetailsViewController.m; sourceTree = "<group>"; };
		E2E8D5931C1FA41200CD2ED2 /* PostListViewController.h */ = {isa = PBXFileReference; fileEncoding = 4; lastKnownFileType = sourcecode.c.h; path = PostListViewController.h; sourceTree = "<group>"; };
		E2E8D5941C1FA41200CD2ED2 /* PostListViewController.m */ = {isa = PBXFileReference; fileEncoding = 4; lastKnownFileType = sourcecode.c.objc; path = PostListViewController.m; sourceTree = "<group>"; };
		E2E8D59C1C1FAB6600CD2ED2 /* CustomCell.h */ = {isa = PBXFileReference; fileEncoding = 4; lastKnownFileType = sourcecode.c.h; path = CustomCell.h; sourceTree = "<group>"; };
		E2E8D59D1C1FAB6600CD2ED2 /* CustomCell.m */ = {isa = PBXFileReference; fileEncoding = 4; lastKnownFileType = sourcecode.c.objc; path = CustomCell.m; sourceTree = "<group>"; };
		E2E8D59F1C1FB4AA00CD2ED2 /* PostListData.h */ = {isa = PBXFileReference; fileEncoding = 4; lastKnownFileType = sourcecode.c.h; path = PostListData.h; sourceTree = "<group>"; };
		E2E8D5A01C1FB4AA00CD2ED2 /* PostListData.m */ = {isa = PBXFileReference; fileEncoding = 4; lastKnownFileType = sourcecode.c.objc; path = PostListData.m; sourceTree = "<group>"; };
		FB40AF1C1C17777B00927359 /* SearchViewController.h */ = {isa = PBXFileReference; fileEncoding = 4; lastKnownFileType = sourcecode.c.h; path = SearchViewController.h; sourceTree = "<group>"; };
		FB40AF1D1C17777B00927359 /* SearchViewController.m */ = {isa = PBXFileReference; fileEncoding = 4; lastKnownFileType = sourcecode.c.objc; path = SearchViewController.m; sourceTree = "<group>"; };
		FB40AF1F1C17778A00927359 /* CategoryViewController.h */ = {isa = PBXFileReference; fileEncoding = 4; lastKnownFileType = sourcecode.c.h; path = CategoryViewController.h; sourceTree = "<group>"; };
		FB40AF201C17778A00927359 /* CategoryViewController.m */ = {isa = PBXFileReference; fileEncoding = 4; lastKnownFileType = sourcecode.c.objc; path = CategoryViewController.m; sourceTree = "<group>"; };
		FB40AF221C17779E00927359 /* MapShowViewController.h */ = {isa = PBXFileReference; fileEncoding = 4; lastKnownFileType = sourcecode.c.h; path = MapShowViewController.h; sourceTree = "<group>"; };
		FB40AF231C17779E00927359 /* MapShowViewController.m */ = {isa = PBXFileReference; fileEncoding = 4; lastKnownFileType = sourcecode.c.objc; path = MapShowViewController.m; sourceTree = "<group>"; };
/* End PBXFileReference section */

/* Begin PBXFrameworksBuildPhase section */
		A2CDF2C41C161CD200DABB2F /* Frameworks */ = {
			isa = PBXFrameworksBuildPhase;
			buildActionMask = 2147483647;
			files = (
				E2C9652A1C162AE400F23209 /* CoreLocation.framework in Frameworks */,
				E2C965281C162ADA00F23209 /* MapKit.framework in Frameworks */,
				0EEA9F31E6B589F606C6FC4D /* libPods.a in Frameworks */,
			);
			runOnlyForDeploymentPostprocessing = 0;
		};
		A2CDF2DD1C161CD200DABB2F /* Frameworks */ = {
			isa = PBXFrameworksBuildPhase;
			buildActionMask = 2147483647;
			files = (
			);
			runOnlyForDeploymentPostprocessing = 0;
		};
		A2CDF2E81C161CD200DABB2F /* Frameworks */ = {
			isa = PBXFrameworksBuildPhase;
			buildActionMask = 2147483647;
			files = (
			);
			runOnlyForDeploymentPostprocessing = 0;
		};
/* End PBXFrameworksBuildPhase section */

/* Begin PBXGroup section */
		1E9C4586D4F09D66A3C8372A /* Frameworks */ = {
			isa = PBXGroup;
			children = (
				7EA3CE671293737A6E6B367B /* libPods.a */,
			);
			name = Frameworks;
			sourceTree = "<group>";
		};
		3622B803D67CF1AB01474DFC /* Pods */ = {
			isa = PBXGroup;
			children = (
				5E846C619823B7D094066A61 /* Pods.debug.xcconfig */,
				D7DBB7AF83919FB890D54B65 /* Pods.release.xcconfig */,
			);
			name = Pods;
			sourceTree = "<group>";
		};
		A2CDF2BE1C161CD200DABB2F = {
			isa = PBXGroup;
			children = (
				E2C965291C162AE400F23209 /* CoreLocation.framework */,
				E2C965271C162ADA00F23209 /* MapKit.framework */,
				A2CDF2C91C161CD200DABB2F /* TapSell */,
				A2CDF2E31C161CD200DABB2F /* TapSellTests */,
				A2CDF2EE1C161CD200DABB2F /* TapSellUITests */,
				A2CDF2C81C161CD200DABB2F /* Products */,
				3622B803D67CF1AB01474DFC /* Pods */,
				1E9C4586D4F09D66A3C8372A /* Frameworks */,
			);
			sourceTree = "<group>";
		};
		A2CDF2C81C161CD200DABB2F /* Products */ = {
			isa = PBXGroup;
			children = (
				A2CDF2C71C161CD200DABB2F /* TapSell.app */,
				A2CDF2E01C161CD200DABB2F /* TapSellTests.xctest */,
				A2CDF2EB1C161CD200DABB2F /* TapSellUITests.xctest */,
			);
			name = Products;
			sourceTree = "<group>";
		};
		A2CDF2C91C161CD200DABB2F /* TapSell */ = {
			isa = PBXGroup;
			children = (
				A2CDF2CD1C161CD200DABB2F /* AppDelegate.h */,
				A2CDF2CE1C161CD200DABB2F /* AppDelegate.m */,
				E2C965311C166DDA00F23209 /* RegisterViewController.h */,
				E2C965321C166DDA00F23209 /* RegisterViewController.m */,
				A2CDF2D01C161CD200DABB2F /* ViewController.h */,
				A2CDF2D11C161CD200DABB2F /* ViewController.m */,
				E2E8D5981C1FA44100CD2ED2 /* Search */,
				E2E8D5971C1FA42A00CD2ED2 /* Post */,
				E2EA5DBE1C22007B00F9464E /* MAP */,
				E228775F1C19D36E0079F729 /* UserProfile */,
				A2CDF2D31C161CD200DABB2F /* Main.storyboard */,
				A2CDF2D61C161CD200DABB2F /* Assets.xcassets */,
				A2CDF2D81C161CD200DABB2F /* LaunchScreen.storyboard */,
				A2CDF2DB1C161CD200DABB2F /* Info.plist */,
				A2CDF2CA1C161CD200DABB2F /* Supporting Files */,
				E2A6F61F1C17BCD500D92CFB /* UserData.h */,
				E2A6F6201C17BCD500D92CFB /* UserData.m */,
				E2E8D59F1C1FB4AA00CD2ED2 /* PostListData.h */,
				E2E8D5A01C1FB4AA00CD2ED2 /* PostListData.m */,
				E2E8D59C1C1FAB6600CD2ED2 /* CustomCell.h */,
				E2E8D59D1C1FAB6600CD2ED2 /* CustomCell.m */,
			);
			path = TapSell;
			sourceTree = "<group>";
		};
		A2CDF2CA1C161CD200DABB2F /* Supporting Files */ = {
			isa = PBXGroup;
			children = (
				E2C965731C17344C00F23209 /* Logo1.png */,
				A2CDF2CB1C161CD200DABB2F /* main.m */,
			);
			name = "Supporting Files";
			sourceTree = "<group>";
		};
		A2CDF2E31C161CD200DABB2F /* TapSellTests */ = {
			isa = PBXGroup;
			children = (
				A2CDF2E41C161CD200DABB2F /* TapSellTests.m */,
				A2CDF2E61C161CD200DABB2F /* Info.plist */,
			);
			path = TapSellTests;
			sourceTree = "<group>";
		};
		A2CDF2EE1C161CD200DABB2F /* TapSellUITests */ = {
			isa = PBXGroup;
			children = (
				A2CDF2EF1C161CD200DABB2F /* TapSellUITests.m */,
				A2CDF2F11C161CD200DABB2F /* Info.plist */,
			);
			path = TapSellUITests;
			sourceTree = "<group>";
		};
		E228775F1C19D36E0079F729 /* UserProfile */ = {
			isa = PBXGroup;
			children = (
				E2ABCDE01C18C37B00CC538F /* UserProfileViewController.h */,
				E2ABCDE11C18C37B00CC538F /* UserProfileViewController.m */,
				E228775C1C19397F0079F729 /* EditUserProfileViewController.h */,
				E228775D1C19397F0079F729 /* EditUserProfileViewController.m */,
			);
			name = UserProfile;
			sourceTree = "<group>";
		};
		E2E8D5971C1FA42A00CD2ED2 /* Post */ = {
			isa = PBXGroup;
			children = (
				E2E8D5931C1FA41200CD2ED2 /* PostListViewController.h */,
				E2E8D5941C1FA41200CD2ED2 /* PostListViewController.m */,
				E2E4207E1C2079910017B416 /* PostDetailsViewController.h */,
				E2E4207F1C2079910017B416 /* PostDetailsViewController.m */,
				E23621031C1F9F2F001DDCD0 /* PostViewController.h */,
				E23621041C1F9F2F001DDCD0 /* PostViewController.m */,
			);
			name = Post;
			sourceTree = "<group>";
		};
		E2E8D5981C1FA44100CD2ED2 /* Search */ = {
			isa = PBXGroup;
			children = (
				FB40AF1C1C17777B00927359 /* SearchViewController.h */,
				FB40AF1D1C17777B00927359 /* SearchViewController.m */,
				FB40AF221C17779E00927359 /* MapShowViewController.h */,
				FB40AF231C17779E00927359 /* MapShowViewController.m */,
				FB40AF1F1C17778A00927359 /* CategoryViewController.h */,
				FB40AF201C17778A00927359 /* CategoryViewController.m */,
			);
			name = Search;
			sourceTree = "<group>";
		};
		E2EA5DBE1C22007B00F9464E /* MAP */ = {
			isa = PBXGroup;
			children = (
				A28823371C275465007C40F1 /* JPSThumbnailAnnotation.h */,
				A28823381C275465007C40F1 /* JPSThumbnailAnnotation.m */,
				A28823391C275465007C40F1 /* JPSThumbnailAnnotationView.h */,
				A288233A1C275465007C40F1 /* JPSThumbnailAnnotationView.m */,
				A288233B1C275465007C40F1 /* JPSThumbnail.h */,
				A288233C1C275465007C40F1 /* JPSThumnail.m */,
				E2C9652B1C162B0000F23209 /* MapViewController.h */,
				E2C9652C1C162B0000F23209 /* MapViewController.m */,
				A28823401C2BD7C3007C40F1 /* UserDetailViewController.h */,
				A28823411C2BD7C3007C40F1 /* UserDetailViewController.m */,
			);
			name = MAP;
			sourceTree = "<group>";
		};
/* End PBXGroup section */

/* Begin PBXNativeTarget section */
		A2CDF2C61C161CD200DABB2F /* TapSell */ = {
			isa = PBXNativeTarget;
			buildConfigurationList = A2CDF2F41C161CD200DABB2F /* Build configuration list for PBXNativeTarget "TapSell" */;
			buildPhases = (
				20095C409E9D02099CAC59B8 /* Check Pods Manifest.lock */,
				A2CDF2C31C161CD200DABB2F /* Sources */,
				A2CDF2C41C161CD200DABB2F /* Frameworks */,
				A2CDF2C51C161CD200DABB2F /* Resources */,
				607938859C0462B0B2312473 /* Embed Pods Frameworks */,
				BD1CA3932CDB6D889C3CA55A /* Copy Pods Resources */,
			);
			buildRules = (
			);
			dependencies = (
			);
			name = TapSell;
			productName = TapSell;
			productReference = A2CDF2C71C161CD200DABB2F /* TapSell.app */;
			productType = "com.apple.product-type.application";
		};
		A2CDF2DF1C161CD200DABB2F /* TapSellTests */ = {
			isa = PBXNativeTarget;
			buildConfigurationList = A2CDF2F71C161CD200DABB2F /* Build configuration list for PBXNativeTarget "TapSellTests" */;
			buildPhases = (
				A2CDF2DC1C161CD200DABB2F /* Sources */,
				A2CDF2DD1C161CD200DABB2F /* Frameworks */,
				A2CDF2DE1C161CD200DABB2F /* Resources */,
			);
			buildRules = (
			);
			dependencies = (
				A2CDF2E21C161CD200DABB2F /* PBXTargetDependency */,
			);
			name = TapSellTests;
			productName = TapSellTests;
			productReference = A2CDF2E01C161CD200DABB2F /* TapSellTests.xctest */;
			productType = "com.apple.product-type.bundle.unit-test";
		};
		A2CDF2EA1C161CD200DABB2F /* TapSellUITests */ = {
			isa = PBXNativeTarget;
			buildConfigurationList = A2CDF2FA1C161CD200DABB2F /* Build configuration list for PBXNativeTarget "TapSellUITests" */;
			buildPhases = (
				A2CDF2E71C161CD200DABB2F /* Sources */,
				A2CDF2E81C161CD200DABB2F /* Frameworks */,
				A2CDF2E91C161CD200DABB2F /* Resources */,
			);
			buildRules = (
			);
			dependencies = (
				A2CDF2ED1C161CD200DABB2F /* PBXTargetDependency */,
			);
			name = TapSellUITests;
			productName = TapSellUITests;
			productReference = A2CDF2EB1C161CD200DABB2F /* TapSellUITests.xctest */;
			productType = "com.apple.product-type.bundle.ui-testing";
		};
/* End PBXNativeTarget section */

/* Begin PBXProject section */
		A2CDF2BF1C161CD200DABB2F /* Project object */ = {
			isa = PBXProject;
			attributes = {
				LastUpgradeCheck = 0710;
				ORGANIZATIONNAME = "Shu Zhang";
				TargetAttributes = {
					A2CDF2C61C161CD200DABB2F = {
						CreatedOnToolsVersion = 7.1.1;
						DevelopmentTeam = Z43XPJ6WNV;
					};
					A2CDF2DF1C161CD200DABB2F = {
						CreatedOnToolsVersion = 7.1.1;
						DevelopmentTeam = 2LH7UQZ7CB;
						TestTargetID = A2CDF2C61C161CD200DABB2F;
					};
					A2CDF2EA1C161CD200DABB2F = {
						CreatedOnToolsVersion = 7.1.1;
						DevelopmentTeam = 2LH7UQZ7CB;
						TestTargetID = A2CDF2C61C161CD200DABB2F;
					};
				};
			};
			buildConfigurationList = A2CDF2C21C161CD200DABB2F /* Build configuration list for PBXProject "TapSell" */;
			compatibilityVersion = "Xcode 3.2";
			developmentRegion = English;
			hasScannedForEncodings = 0;
			knownRegions = (
				en,
				Base,
			);
			mainGroup = A2CDF2BE1C161CD200DABB2F;
			productRefGroup = A2CDF2C81C161CD200DABB2F /* Products */;
			projectDirPath = "";
			projectRoot = "";
			targets = (
				A2CDF2C61C161CD200DABB2F /* TapSell */,
				A2CDF2DF1C161CD200DABB2F /* TapSellTests */,
				A2CDF2EA1C161CD200DABB2F /* TapSellUITests */,
			);
		};
/* End PBXProject section */

/* Begin PBXResourcesBuildPhase section */
		A2CDF2C51C161CD200DABB2F /* Resources */ = {
			isa = PBXResourcesBuildPhase;
			buildActionMask = 2147483647;
			files = (
				A2CDF2DA1C161CD200DABB2F /* LaunchScreen.storyboard in Resources */,
				A2CDF2D71C161CD200DABB2F /* Assets.xcassets in Resources */,
				A2CDF2D51C161CD200DABB2F /* Main.storyboard in Resources */,
				E2C965741C17344C00F23209 /* Logo1.png in Resources */,
			);
			runOnlyForDeploymentPostprocessing = 0;
		};
		A2CDF2DE1C161CD200DABB2F /* Resources */ = {
			isa = PBXResourcesBuildPhase;
			buildActionMask = 2147483647;
			files = (
			);
			runOnlyForDeploymentPostprocessing = 0;
		};
		A2CDF2E91C161CD200DABB2F /* Resources */ = {
			isa = PBXResourcesBuildPhase;
			buildActionMask = 2147483647;
			files = (
			);
			runOnlyForDeploymentPostprocessing = 0;
		};
/* End PBXResourcesBuildPhase section */

/* Begin PBXShellScriptBuildPhase section */
		20095C409E9D02099CAC59B8 /* Check Pods Manifest.lock */ = {
			isa = PBXShellScriptBuildPhase;
			buildActionMask = 2147483647;
			files = (
			);
			inputPaths = (
			);
			name = "Check Pods Manifest.lock";
			outputPaths = (
			);
			runOnlyForDeploymentPostprocessing = 0;
			shellPath = /bin/sh;
			shellScript = "diff \"${PODS_ROOT}/../Podfile.lock\" \"${PODS_ROOT}/Manifest.lock\" > /dev/null\nif [[ $? != 0 ]] ; then\n    cat << EOM\nerror: The sandbox is not in sync with the Podfile.lock. Run 'pod install' or update your CocoaPods installation.\nEOM\n    exit 1\nfi\n";
			showEnvVarsInLog = 0;
		};
		607938859C0462B0B2312473 /* Embed Pods Frameworks */ = {
			isa = PBXShellScriptBuildPhase;
			buildActionMask = 2147483647;
			files = (
			);
			inputPaths = (
			);
			name = "Embed Pods Frameworks";
			outputPaths = (
			);
			runOnlyForDeploymentPostprocessing = 0;
			shellPath = /bin/sh;
			shellScript = "\"${SRCROOT}/Pods/Target Support Files/Pods/Pods-frameworks.sh\"\n";
			showEnvVarsInLog = 0;
		};
		BD1CA3932CDB6D889C3CA55A /* Copy Pods Resources */ = {
			isa = PBXShellScriptBuildPhase;
			buildActionMask = 2147483647;
			files = (
			);
			inputPaths = (
			);
			name = "Copy Pods Resources";
			outputPaths = (
			);
			runOnlyForDeploymentPostprocessing = 0;
			shellPath = /bin/sh;
			shellScript = "\"${SRCROOT}/Pods/Target Support Files/Pods/Pods-resources.sh\"\n";
			showEnvVarsInLog = 0;
		};
/* End PBXShellScriptBuildPhase section */

/* Begin PBXSourcesBuildPhase section */
		A2CDF2C31C161CD200DABB2F /* Sources */ = {
			isa = PBXSourcesBuildPhase;
			buildActionMask = 2147483647;
			files = (
				FB40AF241C17779E00927359 /* MapShowViewController.m in Sources */,
				E2E420801C2079910017B416 /* PostDetailsViewController.m in Sources */,
				E2C965331C166DDA00F23209 /* RegisterViewController.m in Sources */,
				A2CDF2D21C161CD200DABB2F /* ViewController.m in Sources */,
				A2CDF2CF1C161CD200DABB2F /* AppDelegate.m in Sources */,
				E2E8D59E1C1FAB6600CD2ED2 /* CustomCell.m in Sources */,
				E2A6F6211C17BCD500D92CFB /* UserData.m in Sources */,
				E2E8D5A11C1FB4AA00CD2ED2 /* PostListData.m in Sources */,
				E2ABCDE21C18C37B00CC538F /* UserProfileViewController.m in Sources */,
				A288233D1C275465007C40F1 /* JPSThumbnailAnnotation.m in Sources */,
				E2E8D5951C1FA41200CD2ED2 /* PostListViewController.m in Sources */,
				A2CDF2CC1C161CD200DABB2F /* main.m in Sources */,
				FB40AF211C17778A00927359 /* CategoryViewController.m in Sources */,
				A288233F1C275465007C40F1 /* JPSThumnail.m in Sources */,
				E23621051C1F9F2F001DDCD0 /* PostViewController.m in Sources */,
				A288233E1C275465007C40F1 /* JPSThumbnailAnnotationView.m in Sources */,
				FB40AF1E1C17777B00927359 /* SearchViewController.m in Sources */,
				E2C9652D1C162B0000F23209 /* MapViewController.m in Sources */,
				A28823421C2BD7C3007C40F1 /* UserDetailViewController.m in Sources */,
				E228775E1C19397F0079F729 /* EditUserProfileViewController.m in Sources */,
			);
			runOnlyForDeploymentPostprocessing = 0;
		};
		A2CDF2DC1C161CD200DABB2F /* Sources */ = {
			isa = PBXSourcesBuildPhase;
			buildActionMask = 2147483647;
			files = (
				A2CDF2E51C161CD200DABB2F /* TapSellTests.m in Sources */,
			);
			runOnlyForDeploymentPostprocessing = 0;
		};
		A2CDF2E71C161CD200DABB2F /* Sources */ = {
			isa = PBXSourcesBuildPhase;
			buildActionMask = 2147483647;
			files = (
				A2CDF2F01C161CD200DABB2F /* TapSellUITests.m in Sources */,
			);
			runOnlyForDeploymentPostprocessing = 0;
		};
/* End PBXSourcesBuildPhase section */

/* Begin PBXTargetDependency section */
		A2CDF2E21C161CD200DABB2F /* PBXTargetDependency */ = {
			isa = PBXTargetDependency;
			target = A2CDF2C61C161CD200DABB2F /* TapSell */;
			targetProxy = A2CDF2E11C161CD200DABB2F /* PBXContainerItemProxy */;
		};
		A2CDF2ED1C161CD200DABB2F /* PBXTargetDependency */ = {
			isa = PBXTargetDependency;
			target = A2CDF2C61C161CD200DABB2F /* TapSell */;
			targetProxy = A2CDF2EC1C161CD200DABB2F /* PBXContainerItemProxy */;
		};
/* End PBXTargetDependency section */

/* Begin PBXVariantGroup section */
		A2CDF2D31C161CD200DABB2F /* Main.storyboard */ = {
			isa = PBXVariantGroup;
			children = (
				A2CDF2D41C161CD200DABB2F /* Base */,
			);
			name = Main.storyboard;
			sourceTree = "<group>";
		};
		A2CDF2D81C161CD200DABB2F /* LaunchScreen.storyboard */ = {
			isa = PBXVariantGroup;
			children = (
				A2CDF2D91C161CD200DABB2F /* Base */,
			);
			name = LaunchScreen.storyboard;
			sourceTree = "<group>";
		};
/* End PBXVariantGroup section */

/* Begin XCBuildConfiguration section */
		A2CDF2F21C161CD200DABB2F /* Debug */ = {
			isa = XCBuildConfiguration;
			buildSettings = {
				ALWAYS_SEARCH_USER_PATHS = NO;
				CLANG_CXX_LANGUAGE_STANDARD = "gnu++0x";
				CLANG_CXX_LIBRARY = "libc++";
				CLANG_ENABLE_MODULES = YES;
				CLANG_ENABLE_OBJC_ARC = YES;
				CLANG_WARN_BOOL_CONVERSION = YES;
				CLANG_WARN_CONSTANT_CONVERSION = YES;
				CLANG_WARN_DIRECT_OBJC_ISA_USAGE = YES_ERROR;
				CLANG_WARN_EMPTY_BODY = YES;
				CLANG_WARN_ENUM_CONVERSION = YES;
				CLANG_WARN_INT_CONVERSION = YES;
				CLANG_WARN_OBJC_ROOT_CLASS = YES_ERROR;
				CLANG_WARN_UNREACHABLE_CODE = YES;
				CLANG_WARN__DUPLICATE_METHOD_MATCH = YES;
				"CODE_SIGN_IDENTITY[sdk=iphoneos*]" = "iPhone Developer";
				COPY_PHASE_STRIP = NO;
				DEBUG_INFORMATION_FORMAT = dwarf;
				ENABLE_STRICT_OBJC_MSGSEND = YES;
				ENABLE_TESTABILITY = YES;
				GCC_C_LANGUAGE_STANDARD = gnu99;
				GCC_DYNAMIC_NO_PIC = NO;
				GCC_NO_COMMON_BLOCKS = YES;
				GCC_OPTIMIZATION_LEVEL = 0;
				GCC_PREPROCESSOR_DEFINITIONS = (
					"DEBUG=1",
					"$(inherited)",
				);
				GCC_WARN_64_TO_32_BIT_CONVERSION = YES;
				GCC_WARN_ABOUT_RETURN_TYPE = YES_ERROR;
				GCC_WARN_UNDECLARED_SELECTOR = YES;
				GCC_WARN_UNINITIALIZED_AUTOS = YES_AGGRESSIVE;
				GCC_WARN_UNUSED_FUNCTION = YES;
				GCC_WARN_UNUSED_VARIABLE = YES;
				IPHONEOS_DEPLOYMENT_TARGET = 9.1;
				MTL_ENABLE_DEBUG_INFO = YES;
				ONLY_ACTIVE_ARCH = YES;
				SDKROOT = iphoneos;
				TARGETED_DEVICE_FAMILY = "1,2";
			};
			name = Debug;
		};
		A2CDF2F31C161CD200DABB2F /* Release */ = {
			isa = XCBuildConfiguration;
			buildSettings = {
				ALWAYS_SEARCH_USER_PATHS = NO;
				CLANG_CXX_LANGUAGE_STANDARD = "gnu++0x";
				CLANG_CXX_LIBRARY = "libc++";
				CLANG_ENABLE_MODULES = YES;
				CLANG_ENABLE_OBJC_ARC = YES;
				CLANG_WARN_BOOL_CONVERSION = YES;
				CLANG_WARN_CONSTANT_CONVERSION = YES;
				CLANG_WARN_DIRECT_OBJC_ISA_USAGE = YES_ERROR;
				CLANG_WARN_EMPTY_BODY = YES;
				CLANG_WARN_ENUM_CONVERSION = YES;
				CLANG_WARN_INT_CONVERSION = YES;
				CLANG_WARN_OBJC_ROOT_CLASS = YES_ERROR;
				CLANG_WARN_UNREACHABLE_CODE = YES;
				CLANG_WARN__DUPLICATE_METHOD_MATCH = YES;
				"CODE_SIGN_IDENTITY[sdk=iphoneos*]" = "iPhone Developer";
				COPY_PHASE_STRIP = NO;
				DEBUG_INFORMATION_FORMAT = "dwarf-with-dsym";
				ENABLE_NS_ASSERTIONS = NO;
				ENABLE_STRICT_OBJC_MSGSEND = YES;
				GCC_C_LANGUAGE_STANDARD = gnu99;
				GCC_NO_COMMON_BLOCKS = YES;
				GCC_WARN_64_TO_32_BIT_CONVERSION = YES;
				GCC_WARN_ABOUT_RETURN_TYPE = YES_ERROR;
				GCC_WARN_UNDECLARED_SELECTOR = YES;
				GCC_WARN_UNINITIALIZED_AUTOS = YES_AGGRESSIVE;
				GCC_WARN_UNUSED_FUNCTION = YES;
				GCC_WARN_UNUSED_VARIABLE = YES;
				IPHONEOS_DEPLOYMENT_TARGET = 9.1;
				MTL_ENABLE_DEBUG_INFO = NO;
				SDKROOT = iphoneos;
				TARGETED_DEVICE_FAMILY = "1,2";
				VALIDATE_PRODUCT = YES;
			};
			name = Release;
		};
		A2CDF2F51C161CD200DABB2F /* Debug */ = {
			isa = XCBuildConfiguration;
			baseConfigurationReference = 5E846C619823B7D094066A61 /* Pods.debug.xcconfig */;
			buildSettings = {
				ASSETCATALOG_COMPILER_APPICON_NAME = AppIcon;
				CODE_SIGN_IDENTITY = "iPhone Developer";
				"CODE_SIGN_IDENTITY[sdk=iphoneos*]" = "iPhone Developer";
				INFOPLIST_FILE = TapSell/Info.plist;
				LD_RUNPATH_SEARCH_PATHS = "$(inherited) @executable_path/Frameworks";
				PRODUCT_BUNDLE_IDENTIFIER = Clark.TapSell;
				PRODUCT_NAME = "$(TARGET_NAME)";
				PROVISIONING_PROFILE = "";
			};
			name = Debug;
		};
		A2CDF2F61C161CD200DABB2F /* Release */ = {
			isa = XCBuildConfiguration;
			baseConfigurationReference = D7DBB7AF83919FB890D54B65 /* Pods.release.xcconfig */;
			buildSettings = {
				ASSETCATALOG_COMPILER_APPICON_NAME = AppIcon;
				CODE_SIGN_IDENTITY = "iPhone Developer";
				"CODE_SIGN_IDENTITY[sdk=iphoneos*]" = "iPhone Developer";
				INFOPLIST_FILE = TapSell/Info.plist;
				LD_RUNPATH_SEARCH_PATHS = "$(inherited) @executable_path/Frameworks";
				PRODUCT_BUNDLE_IDENTIFIER = Clark.TapSell;
				PRODUCT_NAME = "$(TARGET_NAME)";
				PROVISIONING_PROFILE = "";
			};
			name = Release;
		};
		A2CDF2F81C161CD200DABB2F /* Debug */ = {
			isa = XCBuildConfiguration;
			buildSettings = {
				BUNDLE_LOADER = "$(TEST_HOST)";
				INFOPLIST_FILE = TapSellTests/Info.plist;
				LD_RUNPATH_SEARCH_PATHS = "$(inherited) @executable_path/Frameworks @loader_path/Frameworks";
				PRODUCT_BUNDLE_IDENTIFIER = Clark.TapSellTests;
				PRODUCT_NAME = "$(TARGET_NAME)";
				TEST_HOST = "$(BUILT_PRODUCTS_DIR)/TapSell.app/TapSell";
			};
			name = Debug;
		};
		A2CDF2F91C161CD200DABB2F /* Release */ = {
			isa = XCBuildConfiguration;
			buildSettings = {
				BUNDLE_LOADER = "$(TEST_HOST)";
				INFOPLIST_FILE = TapSellTests/Info.plist;
				LD_RUNPATH_SEARCH_PATHS = "$(inherited) @executable_path/Frameworks @loader_path/Frameworks";
				PRODUCT_BUNDLE_IDENTIFIER = Clark.TapSellTests;
				PRODUCT_NAME = "$(TARGET_NAME)";
				TEST_HOST = "$(BUILT_PRODUCTS_DIR)/TapSell.app/TapSell";
			};
			name = Release;
		};
		A2CDF2FB1C161CD200DABB2F /* Debug */ = {
			isa = XCBuildConfiguration;
			buildSettings = {
				INFOPLIST_FILE = TapSellUITests/Info.plist;
				LD_RUNPATH_SEARCH_PATHS = "$(inherited) @executable_path/Frameworks @loader_path/Frameworks";
				PRODUCT_BUNDLE_IDENTIFIER = Clark.TapSellUITests;
				PRODUCT_NAME = "$(TARGET_NAME)";
				TEST_TARGET_NAME = TapSell;
				USES_XCTRUNNER = YES;
			};
			name = Debug;
		};
		A2CDF2FC1C161CD200DABB2F /* Release */ = {
			isa = XCBuildConfiguration;
			buildSettings = {
				INFOPLIST_FILE = TapSellUITests/Info.plist;
				LD_RUNPATH_SEARCH_PATHS = "$(inherited) @executable_path/Frameworks @loader_path/Frameworks";
				PRODUCT_BUNDLE_IDENTIFIER = Clark.TapSellUITests;
				PRODUCT_NAME = "$(TARGET_NAME)";
				TEST_TARGET_NAME = TapSell;
				USES_XCTRUNNER = YES;
			};
			name = Release;
		};
/* End XCBuildConfiguration section */

/* Begin XCConfigurationList section */
		A2CDF2C21C161CD200DABB2F /* Build configuration list for PBXProject "TapSell" */ = {
			isa = XCConfigurationList;
			buildConfigurations = (
				A2CDF2F21C161CD200DABB2F /* Debug */,
				A2CDF2F31C161CD200DABB2F /* Release */,
			);
			defaultConfigurationIsVisible = 0;
			defaultConfigurationName = Release;
		};
		A2CDF2F41C161CD200DABB2F /* Build configuration list for PBXNativeTarget "TapSell" */ = {
			isa = XCConfigurationList;
			buildConfigurations = (
				A2CDF2F51C161CD200DABB2F /* Debug */,
				A2CDF2F61C161CD200DABB2F /* Release */,
			);
			defaultConfigurationIsVisible = 0;
			defaultConfigurationName = Release;
		};
		A2CDF2F71C161CD200DABB2F /* Build configuration list for PBXNativeTarget "TapSellTests" */ = {
			isa = XCConfigurationList;
			buildConfigurations = (
				A2CDF2F81C161CD200DABB2F /* Debug */,
				A2CDF2F91C161CD200DABB2F /* Release */,
			);
			defaultConfigurationIsVisible = 0;
			defaultConfigurationName = Release;
		};
		A2CDF2FA1C161CD200DABB2F /* Build configuration list for PBXNativeTarget "TapSellUITests" */ = {
			isa = XCConfigurationList;
			buildConfigurations = (
				A2CDF2FB1C161CD200DABB2F /* Debug */,
				A2CDF2FC1C161CD200DABB2F /* Release */,
			);
			defaultConfigurationIsVisible = 0;
			defaultConfigurationName = Release;
		};
/* End XCConfigurationList section */
	};
	rootObject = A2CDF2BF1C161CD200DABB2F /* Project object */;
}
